
Microsoft Visual Studio Solution File, Format Version 11.00
# Visual Studio 2010
Project("{F184B08F-C81C-45F6-A57F-5ABD9991F28F}") = "GUI", "GUI\GUI.vbproj", "{58A47F43-DC8A-41A4-B83D-0131D5503099}"
EndProject
Project("{F184B08F-C81C-45F6-A57F-5ABD9991F28F}") = "DAL", "DAL\DAL.vbproj", "{5C155894-2C7A-4407-9489-9CAEA92BEBC9}"
EndProject
Project("{F184B08F-C81C-45F6-A57F-5ABD9991F28F}") = "BO", "BO\BO.vbproj", "{0A1F3F04-DF9D-443A-98BB-751A4066270C}"
EndProject
Project("{F184B08F-C81C-45F6-A57F-5ABD9991F28F}") = "BLL", "BLL\BLL.vbproj", "{6603D167-1DFF-453D-9B71-779D000B4299}"
EndProject
Global
	GlobalSection(SolutionConfigurationPlatforms) = preSolution
		Debug|Any CPU = Debug|Any CPU
		Debug|Mixed Platforms = Debug|Mixed Platforms
		Debug|x86 = Debug|x86
		Release|Any CPU = Release|Any CPU
		Release|Mixed Platforms = Release|Mixed Platforms
		Release|x86 = Release|x86
	EndGlobalSection
	GlobalSection(ProjectConfigurationPlatforms) = postSolution
		{58A47F43-DC8A-41A4-B83D-0131D5503099}.Debug|Any CPU.ActiveCfg = Debug|x86
		{58A47F43-DC8A-41A4-B83D-0131D5503099}.Debug|Mixed Platforms.ActiveCfg = Debug|x86
		{58A47F43-DC8A-41A4-B83D-0131D5503099}.Debug|Mixed Platforms.Build.0 = Debug|x86
		{58A47F43-DC8A-41A4-B83D-0131D5503099}.Debug|x86.ActiveCfg = Debug|x86
		{58A47F43-DC8A-41A4-B83D-0131D5503099}.Debug|x86.Build.0 = Debug|x86
		{58A47F43-DC8A-41A4-B83D-0131D5503099}.Release|Any CPU.ActiveCfg = Release|x86
		{58A47F43-DC8A-41A4-B83D-0131D5503099}.Release|Mixed Platforms.ActiveCfg = Release|x86
		{58A47F43-DC8A-41A4-B83D-0131D5503099}.Release|Mixed Platforms.Build.0 = Release|x86
		{58A47F43-DC8A-41A4-B83D-0131D5503099}.Release|x86.ActiveCfg = Release|x86
		{58A47F43-DC8A-41A4-B83D-0131D5503099}.Release|x86.Build.0 = Release|x86
		{5C155894-2C7A-4407-9489-9CAEA92BEBC9}.Debug|Any CPU.ActiveCfg = Debug|Any CPU
		{5C155894-2C7A-4407-9489-9CAEA92BEBC9}.Debug|Any CPU.Build.0 = Debug|Any CPU
		{5C155894-2C7A-4407-9489-9CAEA92BEBC9}.Debug|Mixed Platforms.ActiveCfg = Debug|Any CPU
		{5C155894-2C7A-4407-9489-9CAEA92BEBC9}.Debug|Mixed Platforms.Build.0 = Debug|Any CPU
		{5C155894-2C7A-4407-9489-9CAEA92BEBC9}.Debug|x86.ActiveCfg = Debug|Any CPU
		{5C155894-2C7A-4407-9489-9CAEA92BEBC9}.Release|Any CPU.ActiveCfg = Release|Any CPU
		{5C155894-2C7A-4407-9489-9CAEA92BEBC9}.Release|Any CPU.Build.0 = Release|Any CPU
		{5C155894-2C7A-4407-9489-9CAEA92BEBC9}.Release|Mixed Platforms.ActiveCfg = Release|Any CPU
		{5C155894-2C7A-4407-9489-9CAEA92BEBC9}.Release|Mixed Platforms.Build.0 = Release|Any CPU
		{5C155894-2C7A-4407-9489-9CAEA92BEBC9}.Release|x86.ActiveCfg = Release|Any CPU
		{0A1F3F04-DF9D-443A-98BB-751A4066270C}.Debug|Any CPU.ActiveCfg = Debug|Any CPU
		{0A1F3F04-DF9D-443A-98BB-751A4066270C}.Debug|Any CPU.Build.0 = Debug|Any CPU
		{0A1F3F04-DF9D-443A-98BB-751A4066270C}.Debug|Mixed Platforms.ActiveCfg = Debug|Any CPU
		{0A1F3F04-DF9D-443A-98BB-751A4066270C}.Debug|Mixed Platforms.Build.0 = Debug|Any CPU
		{0A1F3F04-DF9D-443A-98BB-751A4066270C}.Debug|x86.ActiveCfg = Debug|Any CPU
		{0A1F3F04-DF9D-443A-98BB-751A4066270C}.Release|Any CPU.ActiveCfg = Release|Any CPU
		{0A1F3F04-DF9D-443A-98BB-751A4066270C}.Release|Any CPU.Build.0 = Release|Any CPU
		{0A1F3F04-DF9D-443A-98BB-751A4066270C}.Release|Mixed Platforms.ActiveCfg = Release|Any CPU
		{0A1F3F04-DF9D-443A-98BB-751A4066270C}.Release|Mixed Platforms.Build.0 = Release|Any CPU
		{0A1F3F04-DF9D-443A-98BB-751A4066270C}.Release|x86.ActiveCfg = Release|Any CPU
		{6603D167-1DFF-453D-9B71-779D000B4299}.Debug|Any CPU.ActiveCfg = Debug|Any CPU
		{6603D167-1DFF-453D-9B71-779D000B4299}.Debug|Any CPU.Build.0 = Debug|Any CPU
		{6603D167-1DFF-453D-9B71-779D000B4299}.Debug|Mixed Platforms.ActiveCfg = Debug|Any CPU
		{6603D167-1DFF-453D-9B71-779D000B4299}.Debug|Mixed Platforms.Build.0 = Debug|Any CPU
		{6603D167-1DFF-453D-9B71-779D000B4299}.Debug|x86.ActiveCfg = Debug|Any CPU
		{6603D167-1DFF-453D-9B71-779D000B4299}.Release|Any CPU.ActiveCfg = Release|Any CPU
		{6603D167-1DFF-453D-9B71-779D000B4299}.Release|Any CPU.Build.0 = Release|Any CPU
		{6603D167-1DFF-453D-9B71-779D000B4299}.Release|Mixed Platforms.ActiveCfg = Release|Any CPU
		{6603D167-1DFF-453D-9B71-779D000B4299}.Release|Mixed Platforms.Build.0 = Release|Any CPU
		{6603D167-1DFF-453D-9B71-779D000B4299}.Release|x86.ActiveCfg = Release|Any CPU
	EndGlobalSection
	GlobalSection(SolutionProperties) = preSolution
		HideSolutionNode = FALSE
	EndGlobalSection
EndGlobal
